
Microsoft Visual Studio Solution File, Format Version 12.00
# Visual Studio Version 17
VisualStudioVersion = 17.9.34622.214
MinimumVisualStudioVersion = 10.0.40219.1
Project("{FAE04EC0-301F-11D3-BF4B-00C04F79EFBC}") = "SuperbetBeclean", "SuperbetBeclean.csproj", "{7212958B-43D9-4F97-A01B-3551F8C96D07}"
EndProject
Project("{2150E333-8FDC-42A3-9474-1A3956D46DE8}") = "assets3", "assets3", "{4C7FE405-5A96-4238-8CD4-1ECFED750CEA}"
	ProjectSection(SolutionItems) = preProject
		..\..\Lab 3\fire-emoji-402x512-8ma95d17.png = ..\..\Lab 3\fire-emoji-402x512-8ma95d17.png
		..\..\Lab 3\gambling-table-luxury-casino-casino-table-generative-ai_527096-25850.jpg = ..\..\Lab 3\gambling-table-luxury-casino-casino-table-generative-ai_527096-25850.jpg
		assets\greenbackgroundimg.jpg = assets\greenbackgroundimg.jpg
		..\..\Lab 3\Money_Bag_Emoji_large.webp = ..\..\Lab 3\Money_Bag_Emoji_large.webp
		..\..\Lab 3\interntable.webp = ..\..\Lab 3\interntable.webp
		..\..\Lab 3\Money_with_Wings_Emoji_grande.webp = ..\..\Lab 3\Money_with_Wings_Emoji_grande.webp
		..\..\Lab 3\NA_Tyler1_2019_AS.webp = ..\..\Lab 3\NA_Tyler1_2019_AS.webp
		..\..\Lab 3\png-transparent-trophy-emoji-cup-text-messaging-trophy-medal-emoticon-prize-transformed.png = ..\..\Lab 3\png-transparent-trophy-emoji-cup-text-messaging-trophy-medal-emoticon-prize-transformed.png
		..\..\Lab 3\seminole-hard-rock-hotel-and-casino-opens-in-south-florida-50826091-58976edd5f9b5874ee378422.jpg = ..\..\Lab 3\seminole-hard-rock-hotel-and-casino-opens-in-south-florida-50826091-58976edd5f9b5874ee378422.jpg
		..\..\Lab 3\RedBackground.jpg = ..\..\Lab 3\RedBackground.jpg
	EndProjectSection
EndProject
Project("{2150E333-8FDC-42A3-9474-1A3956D46DE8}") = "NewFolder1", "NewFolder1", "{F15EF561-9CA9-489D-8CD1-80B325186C82}"
EndProject
Project("{2150E333-8FDC-42A3-9474-1A3956D46DE8}") = "Solution Items", "Solution Items", "{CA39ABF0-30C4-4B8A-ADA1-046BC0051C5A}"
EndProject
Global
	GlobalSection(SolutionConfigurationPlatforms) = preSolution
		Debug|Any CPU = Debug|Any CPU
		Release|Any CPU = Release|Any CPU
	EndGlobalSection
	GlobalSection(ProjectConfigurationPlatforms) = postSolution
		{7212958B-43D9-4F97-A01B-3551F8C96D07}.Debug|Any CPU.ActiveCfg = Debug|Any CPU
		{7212958B-43D9-4F97-A01B-3551F8C96D07}.Debug|Any CPU.Build.0 = Debug|Any CPU
		{7212958B-43D9-4F97-A01B-3551F8C96D07}.Release|Any CPU.ActiveCfg = Release|Any CPU
		{7212958B-43D9-4F97-A01B-3551F8C96D07}.Release|Any CPU.Build.0 = Release|Any CPU
	EndGlobalSection
	GlobalSection(SolutionProperties) = preSolution
		HideSolutionNode = FALSE
	EndGlobalSection
	GlobalSection(ExtensibilityGlobals) = postSolution
		SolutionGuid = {5EE90F01-07B0-4FC2-BB2D-C07B07896E50}
	EndGlobalSection
EndGlobal
